
Microsoft Visual Studio Solution File, Format Version 12.00
# Visual Studio Version 17
VisualStudioVersion = 17.8.34525.116
MinimumVisualStudioVersion = 10.0.40219.1
Project("{FAE04EC0-301F-11D3-BF4B-00C04F79EFBC}") = "EjercicioPolimorfismo", "EjercicioPolimorfismo\EjercicioPolimorfismo.csproj", "{A04B09A7-A21C-4D60-A410-581165C08453}"
EndProject
Global
	GlobalSection(SolutionConfigurationPlatforms) = preSolution
		Debug|Any CPU = Debug|Any CPU
		Release|Any CPU = Release|Any CPU
	EndGlobalSection
	GlobalSection(ProjectConfigurationPlatforms) = postSolution
		{A04B09A7-A21C-4D60-A410-581165C08453}.Debug|Any CPU.ActiveCfg = Debug|Any CPU
		{A04B09A7-A21C-4D60-A410-581165C08453}.Debug|Any CPU.Build.0 = Debug|Any CPU
		{A04B09A7-A21C-4D60-A410-581165C08453}.Release|Any CPU.ActiveCfg = Release|Any CPU
		{A04B09A7-A21C-4D60-A410-581165C08453}.Release|Any CPU.Build.0 = Release|Any CPU
	EndGlobalSection
	GlobalSection(SolutionProperties) = preSolution
		HideSolutionNode = FALSE
	EndGlobalSection
	GlobalSection(ExtensibilityGlobals) = postSolution
		SolutionGuid = {F6A132F7-739B-40DD-9448-3AE675017603}
	EndGlobalSection
EndGlobal
